
Microsoft Visual Studio Solution File, Format Version 12.00
# Visual Studio 14
VisualStudioVersion = 14.0.24720.0
MinimumVisualStudioVersion = 10.0.40219.1
Project("{8BC9CEB8-8B4A-11D0-8D11-00A0C91BC942}") = "RTS_AE", "RTS_AE\RTS_AE.vcxproj", "{A933187E-6CA1-4DA4-AC0D-4072E835AFB2}"
EndProject
Project("{8BC9CEB8-8B4A-11D0-8D11-00A0C91BC942}") = "aeCore", "aeCore\aeCore.vcxproj", "{8CE30123-BC9F-4881-AC3F-EA1E93FB532E}"
EndProject
Project("{8BC9CEB8-8B4A-11D0-8D11-00A0C91BC942}") = "Testing", "Testing\Testing.vcxproj", "{7323F2B6-83D8-4735-9BAC-1A481017D07A}"
EndProject
Global
	GlobalSection(SolutionConfigurationPlatforms) = preSolution
		Debug|x64 = Debug|x64
		Debug|x86 = Debug|x86
		Release|x64 = Release|x64
		Release|x86 = Release|x86
	EndGlobalSection
	GlobalSection(ProjectConfigurationPlatforms) = postSolution
		{A933187E-6CA1-4DA4-AC0D-4072E835AFB2}.Debug|x64.ActiveCfg = Debug|x64
		{A933187E-6CA1-4DA4-AC0D-4072E835AFB2}.Debug|x64.Build.0 = Debug|x64
		{A933187E-6CA1-4DA4-AC0D-4072E835AFB2}.Debug|x86.ActiveCfg = Debug|Win32
		{A933187E-6CA1-4DA4-AC0D-4072E835AFB2}.Debug|x86.Build.0 = Debug|Win32
		{A933187E-6CA1-4DA4-AC0D-4072E835AFB2}.Release|x64.ActiveCfg = Release|x64
		{A933187E-6CA1-4DA4-AC0D-4072E835AFB2}.Release|x64.Build.0 = Release|x64
		{A933187E-6CA1-4DA4-AC0D-4072E835AFB2}.Release|x86.ActiveCfg = Release|Win32
		{A933187E-6CA1-4DA4-AC0D-4072E835AFB2}.Release|x86.Build.0 = Release|Win32
		{8CE30123-BC9F-4881-AC3F-EA1E93FB532E}.Debug|x64.ActiveCfg = Debug|x64
		{8CE30123-BC9F-4881-AC3F-EA1E93FB532E}.Debug|x64.Build.0 = Debug|x64
		{8CE30123-BC9F-4881-AC3F-EA1E93FB532E}.Debug|x86.ActiveCfg = Debug|Win32
		{8CE30123-BC9F-4881-AC3F-EA1E93FB532E}.Debug|x86.Build.0 = Debug|Win32
		{8CE30123-BC9F-4881-AC3F-EA1E93FB532E}.Release|x64.ActiveCfg = Release|x64
		{8CE30123-BC9F-4881-AC3F-EA1E93FB532E}.Release|x64.Build.0 = Release|x64
		{8CE30123-BC9F-4881-AC3F-EA1E93FB532E}.Release|x86.ActiveCfg = Release|Win32
		{8CE30123-BC9F-4881-AC3F-EA1E93FB532E}.Release|x86.Build.0 = Release|Win32
		{7323F2B6-83D8-4735-9BAC-1A481017D07A}.Debug|x64.ActiveCfg = Debug|x64
		{7323F2B6-83D8-4735-9BAC-1A481017D07A}.Debug|x64.Build.0 = Debug|x64
		{7323F2B6-83D8-4735-9BAC-1A481017D07A}.Debug|x86.ActiveCfg = Debug|Win32
		{7323F2B6-83D8-4735-9BAC-1A481017D07A}.Debug|x86.Build.0 = Debug|Win32
		{7323F2B6-83D8-4735-9BAC-1A481017D07A}.Release|x64.ActiveCfg = Release|x64
		{7323F2B6-83D8-4735-9BAC-1A481017D07A}.Release|x64.Build.0 = Release|x64
		{7323F2B6-83D8-4735-9BAC-1A481017D07A}.Release|x86.ActiveCfg = Release|Win32
		{7323F2B6-83D8-4735-9BAC-1A481017D07A}.Release|x86.Build.0 = Release|Win32
	EndGlobalSection
	GlobalSection(SolutionProperties) = preSolution
		HideSolutionNode = FALSE
	EndGlobalSection
	GlobalSection(ExtensibilityGlobals) = postSolution
		VisualSVNWorkingCopyRoot = .
	EndGlobalSection
EndGlobal
